
Microsoft Visual Studio Solution File, Format Version 12.00
# Visual Studio 14
VisualStudioVersion = 14.0.25420.1
MinimumVisualStudioVersion = 10.0.40219.1
Project("{8BC9CEB8-8B4A-11D0-8D11-00A0C91BC942}") = "argtable", "argtable.vcxproj", "{BB4AE192-EC00-4DD1-ABD6-2ACED1848678}"
EndProject
Project("{2150E333-8FDC-42A3-9474-1A3956D46DE8}") = "tests", "tests", "{926B75F1-FFCE-4179-A6E7-61C0049C0A93}"
EndProject
Project("{2150E333-8FDC-42A3-9474-1A3956D46DE8}") = "examples", "examples", "{E0E0EB05-1398-47A0-9594-19977CC64FAD}"
EndProject
Project("{8BC9CEB8-8B4A-11D0-8D11-00A0C91BC942}") = "echo", "echo.vcxproj", "{688D8F0C-44F1-4FFB-929C-08CFCE483C7B}"
EndProject
Project("{8BC9CEB8-8B4A-11D0-8D11-00A0C91BC942}") = "ls", "ls.vcxproj", "{D9551FA7-57DF-4098-B4D9-F5164EC8E85C}"
EndProject
Project("{8BC9CEB8-8B4A-11D0-8D11-00A0C91BC942}") = "testall", "testall.vcxproj", "{C0F6E8BC-CBA3-4D55-941E-B09F3609B004}"
EndProject
Project("{8BC9CEB8-8B4A-11D0-8D11-00A0C91BC942}") = "testargtable3", "testargtable3.vcxproj", "{ABBC2CC0-E69E-4A11-8C7D-45E332B456FD}"
EndProject
Project("{8BC9CEB8-8B4A-11D0-8D11-00A0C91BC942}") = "mv", "mv.vcxproj", "{1DAE48EC-7FCB-44F1-9AC6-62D8397C2A75}"
EndProject
Project("{8BC9CEB8-8B4A-11D0-8D11-00A0C91BC942}") = "uname", "uname.vcxproj", "{00037297-2335-4F35-A7A3-BB6B6B873677}"
EndProject
Project("{8BC9CEB8-8B4A-11D0-8D11-00A0C91BC942}") = "multisyntax", "multisyntax.vcxproj", "{A6CAE994-1A3C-4452-B76B-2C4DEDD2EBA9}"
EndProject
Project("{8BC9CEB8-8B4A-11D0-8D11-00A0C91BC942}") = "myprog", "myprog.vcxproj", "{FA775A95-3AF5-4D7D-9AE3-2EAC367D2D9D}"
EndProject
Project("{8BC9CEB8-8B4A-11D0-8D11-00A0C91BC942}") = "myprog_C89", "myprog_C89.vcxproj", "{8A4607C1-14AE-4C24-8800-798C3D4F2376}"
EndProject
Global
	GlobalSection(SolutionConfigurationPlatforms) = preSolution
		Debug|x64 = Debug|x64
		Debug|x86 = Debug|x86
		Release|x64 = Release|x64
		Release|x86 = Release|x86
	EndGlobalSection
	GlobalSection(ProjectConfigurationPlatforms) = postSolution
		{BB4AE192-EC00-4DD1-ABD6-2ACED1848678}.Debug|x64.ActiveCfg = Debug|x64
		{BB4AE192-EC00-4DD1-ABD6-2ACED1848678}.Debug|x64.Build.0 = Debug|x64
		{BB4AE192-EC00-4DD1-ABD6-2ACED1848678}.Debug|x86.ActiveCfg = Debug|Win32
		{BB4AE192-EC00-4DD1-ABD6-2ACED1848678}.Debug|x86.Build.0 = Debug|Win32
		{BB4AE192-EC00-4DD1-ABD6-2ACED1848678}.Release|x64.ActiveCfg = Release|x64
		{BB4AE192-EC00-4DD1-ABD6-2ACED1848678}.Release|x64.Build.0 = Release|x64
		{BB4AE192-EC00-4DD1-ABD6-2ACED1848678}.Release|x86.ActiveCfg = Release|Win32
		{BB4AE192-EC00-4DD1-ABD6-2ACED1848678}.Release|x86.Build.0 = Release|Win32
		{688D8F0C-44F1-4FFB-929C-08CFCE483C7B}.Debug|x64.ActiveCfg = Debug|x64
		{688D8F0C-44F1-4FFB-929C-08CFCE483C7B}.Debug|x64.Build.0 = Debug|x64
		{688D8F0C-44F1-4FFB-929C-08CFCE483C7B}.Debug|x86.ActiveCfg = Debug|Win32
		{688D8F0C-44F1-4FFB-929C-08CFCE483C7B}.Debug|x86.Build.0 = Debug|Win32
		{688D8F0C-44F1-4FFB-929C-08CFCE483C7B}.Release|x64.ActiveCfg = Release|x64
		{688D8F0C-44F1-4FFB-929C-08CFCE483C7B}.Release|x64.Build.0 = Release|x64
		{688D8F0C-44F1-4FFB-929C-08CFCE483C7B}.Release|x86.ActiveCfg = Release|Win32
		{688D8F0C-44F1-4FFB-929C-08CFCE483C7B}.Release|x86.Build.0 = Release|Win32
		{D9551FA7-57DF-4098-B4D9-F5164EC8E85C}.Debug|x64.ActiveCfg = Debug|x64
		{D9551FA7-57DF-4098-B4D9-F5164EC8E85C}.Debug|x64.Build.0 = Debug|x64
		{D9551FA7-57DF-4098-B4D9-F5164EC8E85C}.Debug|x86.ActiveCfg = Debug|Win32
		{D9551FA7-57DF-4098-B4D9-F5164EC8E85C}.Debug|x86.Build.0 = Debug|Win32
		{D9551FA7-57DF-4098-B4D9-F5164EC8E85C}.Release|x64.ActiveCfg = Release|x64
		{D9551FA7-57DF-4098-B4D9-F5164EC8E85C}.Release|x64.Build.0 = Release|x64
		{D9551FA7-57DF-4098-B4D9-F5164EC8E85C}.Release|x86.ActiveCfg = Release|Win32
		{D9551FA7-57DF-4098-B4D9-F5164EC8E85C}.Release|x86.Build.0 = Release|Win32
		{C0F6E8BC-CBA3-4D55-941E-B09F3609B004}.Debug|x64.ActiveCfg = Debug|x64
		{C0F6E8BC-CBA3-4D55-941E-B09F3609B004}.Debug|x64.Build.0 = Debug|x64
		{C0F6E8BC-CBA3-4D55-941E-B09F3609B004}.Debug|x86.ActiveCfg = Debug|Win32
		{C0F6E8BC-CBA3-4D55-941E-B09F3609B004}.Debug|x86.Build.0 = Debug|Win32
		{C0F6E8BC-CBA3-4D55-941E-B09F3609B004}.Release|x64.ActiveCfg = Release|x64
		{C0F6E8BC-CBA3-4D55-941E-B09F3609B004}.Release|x64.Build.0 = Release|x64
		{C0F6E8BC-CBA3-4D55-941E-B09F3609B004}.Release|x86.ActiveCfg = Release|Win32
		{C0F6E8BC-CBA3-4D55-941E-B09F3609B004}.Release|x86.Build.0 = Release|Win32
		{ABBC2CC0-E69E-4A11-8C7D-45E332B456FD}.Debug|x64.ActiveCfg = Debug|x64
		{ABBC2CC0-E69E-4A11-8C7D-45E332B456FD}.Debug|x64.Build.0 = Debug|x64
		{ABBC2CC0-E69E-4A11-8C7D-45E332B456FD}.Debug|x86.ActiveCfg = Debug|Win32
		{ABBC2CC0-E69E-4A11-8C7D-45E332B456FD}.Debug|x86.Build.0 = Debug|Win32
		{ABBC2CC0-E69E-4A11-8C7D-45E332B456FD}.Release|x64.ActiveCfg = Release|x64
		{ABBC2CC0-E69E-4A11-8C7D-45E332B456FD}.Release|x64.Build.0 = Release|x64
		{ABBC2CC0-E69E-4A11-8C7D-45E332B456FD}.Release|x86.ActiveCfg = Release|Win32
		{ABBC2CC0-E69E-4A11-8C7D-45E332B456FD}.Release|x86.Build.0 = Release|Win32
		{1DAE48EC-7FCB-44F1-9AC6-62D8397C2A75}.Debug|x64.ActiveCfg = Debug|x64
		{1DAE48EC-7FCB-44F1-9AC6-62D8397C2A75}.Debug|x64.Build.0 = Debug|x64
		{1DAE48EC-7FCB-44F1-9AC6-62D8397C2A75}.Debug|x86.ActiveCfg = Debug|Win32
		{1DAE48EC-7FCB-44F1-9AC6-62D8397C2A75}.Debug|x86.Build.0 = Debug|Win32
		{1DAE48EC-7FCB-44F1-9AC6-62D8397C2A75}.Release|x64.ActiveCfg = Release|x64
		{1DAE48EC-7FCB-44F1-9AC6-62D8397C2A75}.Release|x64.Build.0 = Release|x64
		{1DAE48EC-7FCB-44F1-9AC6-62D8397C2A75}.Release|x86.ActiveCfg = Release|Win32
		{1DAE48EC-7FCB-44F1-9AC6-62D8397C2A75}.Release|x86.Build.0 = Release|Win32
		{00037297-2335-4F35-A7A3-BB6B6B873677}.Debug|x64.ActiveCfg = Debug|x64
		{00037297-2335-4F35-A7A3-BB6B6B873677}.Debug|x64.Build.0 = Debug|x64
		{00037297-2335-4F35-A7A3-BB6B6B873677}.Debug|x86.ActiveCfg = Debug|Win32
		{00037297-2335-4F35-A7A3-BB6B6B873677}.Debug|x86.Build.0 = Debug|Win32
		{00037297-2335-4F35-A7A3-BB6B6B873677}.Release|x64.ActiveCfg = Release|x64
		{00037297-2335-4F35-A7A3-BB6B6B873677}.Release|x64.Build.0 = Release|x64
		{00037297-2335-4F35-A7A3-BB6B6B873677}.Release|x86.ActiveCfg = Release|Win32
		{00037297-2335-4F35-A7A3-BB6B6B873677}.Release|x86.Build.0 = Release|Win32
		{A6CAE994-1A3C-4452-B76B-2C4DEDD2EBA9}.Debug|x64.ActiveCfg = Debug|x64
		{A6CAE994-1A3C-4452-B76B-2C4DEDD2EBA9}.Debug|x64.Build.0 = Debug|x64
		{A6CAE994-1A3C-4452-B76B-2C4DEDD2EBA9}.Debug|x86.ActiveCfg = Debug|Win32
		{A6CAE994-1A3C-4452-B76B-2C4DEDD2EBA9}.Debug|x86.Build.0 = Debug|Win32
		{A6CAE994-1A3C-4452-B76B-2C4DEDD2EBA9}.Release|x64.ActiveCfg = Release|x64
		{A6CAE994-1A3C-4452-B76B-2C4DEDD2EBA9}.Release|x64.Build.0 = Release|x64
		{A6CAE994-1A3C-4452-B76B-2C4DEDD2EBA9}.Release|x86.ActiveCfg = Release|Win32
		{A6CAE994-1A3C-4452-B76B-2C4DEDD2EBA9}.Release|x86.Build.0 = Release|Win32
		{FA775A95-3AF5-4D7D-9AE3-2EAC367D2D9D}.Debug|x64.ActiveCfg = Debug|x64
		{FA775A95-3AF5-4D7D-9AE3-2EAC367D2D9D}.Debug|x64.Build.0 = Debug|x64
		{FA775A95-3AF5-4D7D-9AE3-2EAC367D2D9D}.Debug|x86.ActiveCfg = Debug|Win32
		{FA775A95-3AF5-4D7D-9AE3-2EAC367D2D9D}.Debug|x86.Build.0 = Debug|Win32
		{FA775A95-3AF5-4D7D-9AE3-2EAC367D2D9D}.Release|x64.ActiveCfg = Release|x64
		{FA775A95-3AF5-4D7D-9AE3-2EAC367D2D9D}.Release|x64.Build.0 = Release|x64
		{FA775A95-3AF5-4D7D-9AE3-2EAC367D2D9D}.Release|x86.ActiveCfg = Release|Win32
		{FA775A95-3AF5-4D7D-9AE3-2EAC367D2D9D}.Release|x86.Build.0 = Release|Win32
		{8A4607C1-14AE-4C24-8800-798C3D4F2376}.Debug|x64.ActiveCfg = Debug|x64
		{8A4607C1-14AE-4C24-8800-798C3D4F2376}.Debug|x64.Build.0 = Debug|x64
		{8A4607C1-14AE-4C24-8800-798C3D4F2376}.Debug|x86.ActiveCfg = Debug|Win32
		{8A4607C1-14AE-4C24-8800-798C3D4F2376}.Debug|x86.Build.0 = Debug|Win32
		{8A4607C1-14AE-4C24-8800-798C3D4F2376}.Release|x64.ActiveCfg = Release|x64
		{8A4607C1-14AE-4C24-8800-798C3D4F2376}.Release|x64.Build.0 = Release|x64
		{8A4607C1-14AE-4C24-8800-798C3D4F2376}.Release|x86.ActiveCfg = Release|Win32
		{8A4607C1-14AE-4C24-8800-798C3D4F2376}.Release|x86.Build.0 = Release|Win32
	EndGlobalSection
	GlobalSection(SolutionProperties) = preSolution
		HideSolutionNode = FALSE
	EndGlobalSection
	GlobalSection(NestedProjects) = preSolution
		{688D8F0C-44F1-4FFB-929C-08CFCE483C7B} = {E0E0EB05-1398-47A0-9594-19977CC64FAD}
		{D9551FA7-57DF-4098-B4D9-F5164EC8E85C} = {E0E0EB05-1398-47A0-9594-19977CC64FAD}
		{C0F6E8BC-CBA3-4D55-941E-B09F3609B004} = {926B75F1-FFCE-4179-A6E7-61C0049C0A93}
		{ABBC2CC0-E69E-4A11-8C7D-45E332B456FD} = {926B75F1-FFCE-4179-A6E7-61C0049C0A93}
		{1DAE48EC-7FCB-44F1-9AC6-62D8397C2A75} = {E0E0EB05-1398-47A0-9594-19977CC64FAD}
		{00037297-2335-4F35-A7A3-BB6B6B873677} = {E0E0EB05-1398-47A0-9594-19977CC64FAD}
		{A6CAE994-1A3C-4452-B76B-2C4DEDD2EBA9} = {E0E0EB05-1398-47A0-9594-19977CC64FAD}
		{FA775A95-3AF5-4D7D-9AE3-2EAC367D2D9D} = {E0E0EB05-1398-47A0-9594-19977CC64FAD}
		{8A4607C1-14AE-4C24-8800-798C3D4F2376} = {E0E0EB05-1398-47A0-9594-19977CC64FAD}
	EndGlobalSection
EndGlobal
